// !$*UTF8*$!
{
	archiveVersion = 1;
	classes = {
	};
	objectVersion = 46;
	objects = {

/* Begin PBXBuildFile section */
		975479BD1EBC9AFF000F41CE /* AppDelegate.swift in Sources */ = {isa = PBXBuildFile; fileRef = 975479BC1EBC9AFF000F41CE /* AppDelegate.swift */; };
		975479BF1EBC9AFF000F41CE /* GameScene.sks in Resources */ = {isa = PBXBuildFile; fileRef = 975479BE1EBC9AFF000F41CE /* GameScene.sks */; };
		975479C11EBC9AFF000F41CE /* Actions.sks in Resources */ = {isa = PBXBuildFile; fileRef = 975479C01EBC9AFF000F41CE /* Actions.sks */; };
		975479C31EBC9AFF000F41CE /* GameScene.swift in Sources */ = {isa = PBXBuildFile; fileRef = 975479C21EBC9AFF000F41CE /* GameScene.swift */; };
		975479C51EBC9AFF000F41CE /* GameViewController.swift in Sources */ = {isa = PBXBuildFile; fileRef = 975479C41EBC9AFF000F41CE /* GameViewController.swift */; };
		975479C81EBC9AFF000F41CE /* Main.storyboard in Resources */ = {isa = PBXBuildFile; fileRef = 975479C61EBC9AFF000F41CE /* Main.storyboard */; };
		975479CA1EBC9AFF000F41CE /* Assets.xcassets in Resources */ = {isa = PBXBuildFile; fileRef = 975479C91EBC9AFF000F41CE /* Assets.xcassets */; };
		975479CD1EBC9AFF000F41CE /* LaunchScreen.storyboard in Resources */ = {isa = PBXBuildFile; fileRef = 975479CB1EBC9AFF000F41CE /* LaunchScreen.storyboard */; };
		975479D81EBC9AFF000F41CE /* game_Gecko_LabTests.swift in Sources */ = {isa = PBXBuildFile; fileRef = 975479D71EBC9AFF000F41CE /* game_Gecko_LabTests.swift */; };
		975479E31EBC9AFF000F41CE /* game_Gecko_LabUITests.swift in Sources */ = {isa = PBXBuildFile; fileRef = 975479E21EBC9AFF000F41CE /* game_Gecko_LabUITests.swift */; };
		975479F51EBCAB25000F41CE /* MenuViewController.swift in Sources */ = {isa = PBXBuildFile; fileRef = 975479F41EBCAB25000F41CE /* MenuViewController.swift */; };
		975479F71EBDD95B000F41CE /* Menu.sks in Resources */ = {isa = PBXBuildFile; fileRef = 975479F61EBDD95B000F41CE /* Menu.sks */; };
		97547A031EBDE6A6000F41CE /* Menu.swift in Sources */ = {isa = PBXBuildFile; fileRef = 97547A021EBDE6A6000F41CE /* Menu.swift */; };
/* End PBXBuildFile section */

/* Begin PBXContainerItemProxy section */
		975479D41EBC9AFF000F41CE /* PBXContainerItemProxy */ = {
			isa = PBXContainerItemProxy;
			containerPortal = 975479B11EBC9AFF000F41CE /* Project object */;
			proxyType = 1;
			remoteGlobalIDString = 975479B81EBC9AFF000F41CE;
			remoteInfo = game_Gecko_Lab;
		};
		975479DF1EBC9AFF000F41CE /* PBXContainerItemProxy */ = {
			isa = PBXContainerItemProxy;
			containerPortal = 975479B11EBC9AFF000F41CE /* Project object */;
			proxyType = 1;
			remoteGlobalIDString = 975479B81EBC9AFF000F41CE;
			remoteInfo = game_Gecko_Lab;
		};
/* End PBXContainerItemProxy section */

/* Begin PBXFileReference section */
		975479B91EBC9AFF000F41CE /* game_Gecko_Lab.app */ = {isa = PBXFileReference; explicitFileType = wrapper.application; includeInIndex = 0; path = game_Gecko_Lab.app; sourceTree = BUILT_PRODUCTS_DIR; };
		975479BC1EBC9AFF000F41CE /* AppDelegate.swift */ = {isa = PBXFileReference; lastKnownFileType = sourcecode.swift; path = AppDelegate.swift; sourceTree = "<group>"; };
		975479BE1EBC9AFF000F41CE /* GameScene.sks */ = {isa = PBXFileReference; lastKnownFileType = file.sks; path = GameScene.sks; sourceTree = "<group>"; };
		975479C01EBC9AFF000F41CE /* Actions.sks */ = {isa = PBXFileReference; lastKnownFileType = file.sks; path = Actions.sks; sourceTree = "<group>"; };
		975479C21EBC9AFF000F41CE /* GameScene.swift */ = {isa = PBXFileReference; lastKnownFileType = sourcecode.swift; path = GameScene.swift; sourceTree = "<group>"; };
		975479C41EBC9AFF000F41CE /* GameViewController.swift */ = {isa = PBXFileReference; lastKnownFileType = sourcecode.swift; path = GameViewController.swift; sourceTree = "<group>"; };
		975479C71EBC9AFF000F41CE /* Base */ = {isa = PBXFileReference; lastKnownFileType = file.storyboard; name = Base; path = Base.lproj/Main.storyboard; sourceTree = "<group>"; };
		975479C91EBC9AFF000F41CE /* Assets.xcassets */ = {isa = PBXFileReference; lastKnownFileType = folder.assetcatalog; path = Assets.xcassets; sourceTree = "<group>"; };
		975479CC1EBC9AFF000F41CE /* Base */ = {isa = PBXFileReference; lastKnownFileType = file.storyboard; name = Base; path = Base.lproj/LaunchScreen.storyboard; sourceTree = "<group>"; };
		975479CE1EBC9AFF000F41CE /* Info.plist */ = {isa = PBXFileReference; lastKnownFileType = text.plist.xml; path = Info.plist; sourceTree = "<group>"; };
		975479D31EBC9AFF000F41CE /* game_Gecko_LabTests.xctest */ = {isa = PBXFileReference; explicitFileType = wrapper.cfbundle; includeInIndex = 0; path = game_Gecko_LabTests.xctest; sourceTree = BUILT_PRODUCTS_DIR; };
		975479D71EBC9AFF000F41CE /* game_Gecko_LabTests.swift */ = {isa = PBXFileReference; lastKnownFileType = sourcecode.swift; path = game_Gecko_LabTests.swift; sourceTree = "<group>"; };
		975479D91EBC9AFF000F41CE /* Info.plist */ = {isa = PBXFileReference; lastKnownFileType = text.plist.xml; path = Info.plist; sourceTree = "<group>"; };
		975479DE1EBC9AFF000F41CE /* game_Gecko_LabUITests.xctest */ = {isa = PBXFileReference; explicitFileType = wrapper.cfbundle; includeInIndex = 0; path = game_Gecko_LabUITests.xctest; sourceTree = BUILT_PRODUCTS_DIR; };
		975479E21EBC9AFF000F41CE /* game_Gecko_LabUITests.swift */ = {isa = PBXFileReference; lastKnownFileType = sourcecode.swift; path = game_Gecko_LabUITests.swift; sourceTree = "<group>"; };
		975479E41EBC9AFF000F41CE /* Info.plist */ = {isa = PBXFileReference; lastKnownFileType = text.plist.xml; path = Info.plist; sourceTree = "<group>"; };
		975479F41EBCAB25000F41CE /* MenuViewController.swift */ = {isa = PBXFileReference; fileEncoding = 4; lastKnownFileType = sourcecode.swift; path = MenuViewController.swift; sourceTree = "<group>"; };
		975479F61EBDD95B000F41CE /* Menu.sks */ = {isa = PBXFileReference; lastKnownFileType = file.sks; path = Menu.sks; sourceTree = "<group>"; };
		97547A021EBDE6A6000F41CE /* Menu.swift */ = {isa = PBXFileReference; fileEncoding = 4; lastKnownFileType = sourcecode.swift; path = Menu.swift; sourceTree = "<group>"; };
/* End PBXFileReference section */

/* Begin PBXFrameworksBuildPhase section */
		975479B61EBC9AFF000F41CE /* Frameworks */ = {
			isa = PBXFrameworksBuildPhase;
			buildActionMask = 2147483647;
			files = (
			);
			runOnlyForDeploymentPostprocessing = 0;
		};
		975479D01EBC9AFF000F41CE /* Frameworks */ = {
			isa = PBXFrameworksBuildPhase;
			buildActionMask = 2147483647;
			files = (
			);
			runOnlyForDeploymentPostprocessing = 0;
		};
		975479DB1EBC9AFF000F41CE /* Frameworks */ = {
			isa = PBXFrameworksBuildPhase;
			buildActionMask = 2147483647;
			files = (
			);
			runOnlyForDeploymentPostprocessing = 0;
		};
/* End PBXFrameworksBuildPhase section */

/* Begin PBXGroup section */
		975479B01EBC9AFF000F41CE = {
			isa = PBXGroup;
			children = (
				975479BB1EBC9AFF000F41CE /* game_Gecko_Lab */,
				975479D61EBC9AFF000F41CE /* game_Gecko_LabTests */,
				975479E11EBC9AFF000F41CE /* game_Gecko_LabUITests */,
				975479BA1EBC9AFF000F41CE /* Products */,
			);
			sourceTree = "<group>";
		};
		975479BA1EBC9AFF000F41CE /* Products */ = {
			isa = PBXGroup;
			children = (
				975479B91EBC9AFF000F41CE /* game_Gecko_Lab.app */,
				975479D31EBC9AFF000F41CE /* game_Gecko_LabTests.xctest */,
				975479DE1EBC9AFF000F41CE /* game_Gecko_LabUITests.xctest */,
			);
			name = Products;
			sourceTree = "<group>";
		};
		975479BB1EBC9AFF000F41CE /* game_Gecko_Lab */ = {
			isa = PBXGroup;
			children = (
				97547A011EBDE546000F41CE /* Menu */,
				975479BC1EBC9AFF000F41CE /* AppDelegate.swift */,
				975479BE1EBC9AFF000F41CE /* GameScene.sks */,
				975479C01EBC9AFF000F41CE /* Actions.sks */,
				975479C21EBC9AFF000F41CE /* GameScene.swift */,
				975479C41EBC9AFF000F41CE /* GameViewController.swift */,
				975479C61EBC9AFF000F41CE /* Main.storyboard */,
				975479C91EBC9AFF000F41CE /* Assets.xcassets */,
				975479CB1EBC9AFF000F41CE /* LaunchScreen.storyboard */,
				975479CE1EBC9AFF000F41CE /* Info.plist */,
			);
			path = game_Gecko_Lab;
			sourceTree = "<group>";
		};
		975479D61EBC9AFF000F41CE /* game_Gecko_LabTests */ = {
			isa = PBXGroup;
			children = (
				975479D71EBC9AFF000F41CE /* game_Gecko_LabTests.swift */,
				975479D91EBC9AFF000F41CE /* Info.plist */,
			);
			path = game_Gecko_LabTests;
			sourceTree = "<group>";
		};
		975479E11EBC9AFF000F41CE /* game_Gecko_LabUITests */ = {
			isa = PBXGroup;
			children = (
				975479E21EBC9AFF000F41CE /* game_Gecko_LabUITests.swift */,
				975479E41EBC9AFF000F41CE /* Info.plist */,
			);
			path = game_Gecko_LabUITests;
			sourceTree = "<group>";
		};
		97547A011EBDE546000F41CE /* Menu */ = {
			isa = PBXGroup;
			children = (
				975479F41EBCAB25000F41CE /* MenuViewController.swift */,
				975479F61EBDD95B000F41CE /* Menu.sks */,
				97547A021EBDE6A6000F41CE /* Menu.swift */,
			);
			name = Menu;
			sourceTree = "<group>";
		};
/* End PBXGroup section */

/* Begin PBXNativeTarget section */
		975479B81EBC9AFF000F41CE /* game_Gecko_Lab */ = {
			isa = PBXNativeTarget;
			buildConfigurationList = 975479E71EBC9AFF000F41CE /* Build configuration list for PBXNativeTarget "game_Gecko_Lab" */;
			buildPhases = (
				975479B51EBC9AFF000F41CE /* Sources */,
				975479B61EBC9AFF000F41CE /* Frameworks */,
				975479B71EBC9AFF000F41CE /* Resources */,
			);
			buildRules = (
			);
			dependencies = (
			);
			name = game_Gecko_Lab;
			productName = game_Gecko_Lab;
			productReference = 975479B91EBC9AFF000F41CE /* game_Gecko_Lab.app */;
			productType = "com.apple.product-type.application";
		};
		975479D21EBC9AFF000F41CE /* game_Gecko_LabTests */ = {
			isa = PBXNativeTarget;
			buildConfigurationList = 975479EA1EBC9AFF000F41CE /* Build configuration list for PBXNativeTarget "game_Gecko_LabTests" */;
			buildPhases = (
				975479CF1EBC9AFF000F41CE /* Sources */,
				975479D01EBC9AFF000F41CE /* Frameworks */,
				975479D11EBC9AFF000F41CE /* Resources */,
			);
			buildRules = (
			);
			dependencies = (
				975479D51EBC9AFF000F41CE /* PBXTargetDependency */,
			);
			name = game_Gecko_LabTests;
			productName = game_Gecko_LabTests;
			productReference = 975479D31EBC9AFF000F41CE /* game_Gecko_LabTests.xctest */;
			productType = "com.apple.product-type.bundle.unit-test";
		};
		975479DD1EBC9AFF000F41CE /* game_Gecko_LabUITests */ = {
			isa = PBXNativeTarget;
			buildConfigurationList = 975479ED1EBC9AFF000F41CE /* Build configuration list for PBXNativeTarget "game_Gecko_LabUITests" */;
			buildPhases = (
				975479DA1EBC9AFF000F41CE /* Sources */,
				975479DB1EBC9AFF000F41CE /* Frameworks */,
				975479DC1EBC9AFF000F41CE /* Resources */,
			);
			buildRules = (
			);
			dependencies = (
				975479E01EBC9AFF000F41CE /* PBXTargetDependency */,
			);
			name = game_Gecko_LabUITests;
			productName = game_Gecko_LabUITests;
			productReference = 975479DE1EBC9AFF000F41CE /* game_Gecko_LabUITests.xctest */;
			productType = "com.apple.product-type.bundle.ui-testing";
		};
/* End PBXNativeTarget section */

/* Begin PBXProject section */
		975479B11EBC9AFF000F41CE /* Project object */ = {
			isa = PBXProject;
			attributes = {
				LastSwiftUpdateCheck = 0830;
				LastUpgradeCheck = 0830;
				ORGANIZATIONNAME = "Krystian Kulawiak";
				TargetAttributes = {
					975479B81EBC9AFF000F41CE = {
						CreatedOnToolsVersion = 8.3.2;
						DevelopmentTeam = 27V4B7692Z;
						ProvisioningStyle = Automatic;
					};
					975479D21EBC9AFF000F41CE = {
						CreatedOnToolsVersion = 8.3.2;
						DevelopmentTeam = 27V4B7692Z;
						ProvisioningStyle = Automatic;
						TestTargetID = 975479B81EBC9AFF000F41CE;
					};
					975479DD1EBC9AFF000F41CE = {
						CreatedOnToolsVersion = 8.3.2;
						DevelopmentTeam = 27V4B7692Z;
						ProvisioningStyle = Automatic;
						TestTargetID = 975479B81EBC9AFF000F41CE;
					};
				};
			};
			buildConfigurationList = 975479B41EBC9AFF000F41CE /* Build configuration list for PBXProject "game_Gecko_Lab" */;
			compatibilityVersion = "Xcode 3.2";
			developmentRegion = English;
			hasScannedForEncodings = 0;
			knownRegions = (
				en,
				Base,
			);
			mainGroup = 975479B01EBC9AFF000F41CE;
			productRefGroup = 975479BA1EBC9AFF000F41CE /* Products */;
			projectDirPath = "";
			projectRoot = "";
			targets = (
				975479B81EBC9AFF000F41CE /* game_Gecko_Lab */,
				975479D21EBC9AFF000F41CE /* game_Gecko_LabTests */,
				975479DD1EBC9AFF000F41CE /* game_Gecko_LabUITests */,
			);
		};
/* End PBXProject section */

/* Begin PBXResourcesBuildPhase section */
		975479B71EBC9AFF000F41CE /* Resources */ = {
			isa = PBXResourcesBuildPhase;
			buildActionMask = 2147483647;
			files = (
				975479C81EBC9AFF000F41CE /* Main.storyboard in Resources */,
				975479BF1EBC9AFF000F41CE /* GameScene.sks in Resources */,
				975479F71EBDD95B000F41CE /* Menu.sks in Resources */,
				975479CA1EBC9AFF000F41CE /* Assets.xcassets in Resources */,
				975479CD1EBC9AFF000F41CE /* LaunchScreen.storyboard in Resources */,
				975479C11EBC9AFF000F41CE /* Actions.sks in Resources */,
			);
			runOnlyForDeploymentPostprocessing = 0;
		};
		975479D11EBC9AFF000F41CE /* Resources */ = {
			isa = PBXResourcesBuildPhase;
			buildActionMask = 2147483647;
			files = (
			);
			runOnlyForDeploymentPostprocessing = 0;
		};
		975479DC1EBC9AFF000F41CE /* Resources */ = {
			isa = PBXResourcesBuildPhase;
			buildActionMask = 2147483647;
			files = (
			);
			runOnlyForDeploymentPostprocessing = 0;
		};
/* End PBXResourcesBuildPhase section */

/* Begin PBXSourcesBuildPhase section */
		975479B51EBC9AFF000F41CE /* Sources */ = {
			isa = PBXSourcesBuildPhase;
			buildActionMask = 2147483647;
			files = (
				975479C31EBC9AFF000F41CE /* GameScene.swift in Sources */,
				975479C51EBC9AFF000F41CE /* GameViewController.swift in Sources */,
				975479BD1EBC9AFF000F41CE /* AppDelegate.swift in Sources */,
				975479F51EBCAB25000F41CE /* MenuViewController.swift in Sources */,
				97547A031EBDE6A6000F41CE /* Menu.swift in Sources */,
			);
			runOnlyForDeploymentPostprocessing = 0;
		};
		975479CF1EBC9AFF000F41CE /* Sources */ = {
			isa = PBXSourcesBuildPhase;
			buildActionMask = 2147483647;
			files = (
				975479D81EBC9AFF000F41CE /* game_Gecko_LabTests.swift in Sources */,
			);
			runOnlyForDeploymentPostprocessing = 0;
		};
		975479DA1EBC9AFF000F41CE /* Sources */ = {
			isa = PBXSourcesBuildPhase;
			buildActionMask = 2147483647;
			files = (
				975479E31EBC9AFF000F41CE /* game_Gecko_LabUITests.swift in Sources */,
			);
			runOnlyForDeploymentPostprocessing = 0;
		};
/* End PBXSourcesBuildPhase section */

/* Begin PBXTargetDependency section */
		975479D51EBC9AFF000F41CE /* PBXTargetDependency */ = {
			isa = PBXTargetDependency;
			target = 975479B81EBC9AFF000F41CE /* game_Gecko_Lab */;
			targetProxy = 975479D41EBC9AFF000F41CE /* PBXContainerItemProxy */;
		};
		975479E01EBC9AFF000F41CE /* PBXTargetDependency */ = {
			isa = PBXTargetDependency;
			target = 975479B81EBC9AFF000F41CE /* game_Gecko_Lab */;
			targetProxy = 975479DF1EBC9AFF000F41CE /* PBXContainerItemProxy */;
		};
/* End PBXTargetDependency section */

/* Begin PBXVariantGroup section */
		975479C61EBC9AFF000F41CE /* Main.storyboard */ = {
			isa = PBXVariantGroup;
			children = (
				975479C71EBC9AFF000F41CE /* Base */,
			);
			name = Main.storyboard;
			sourceTree = "<group>";
		};
		975479CB1EBC9AFF000F41CE /* LaunchScreen.storyboard */ = {
			isa = PBXVariantGroup;
			children = (
				975479CC1EBC9AFF000F41CE /* Base */,
			);
			name = LaunchScreen.storyboard;
			sourceTree = "<group>";
		};
/* End PBXVariantGroup section */

/* Begin XCBuildConfiguration section */
		975479E51EBC9AFF000F41CE /* Debug */ = {
			isa = XCBuildConfiguration;
			buildSettings = {
				ALWAYS_SEARCH_USER_PATHS = NO;
				CLANG_ANALYZER_NONNULL = YES;
				CLANG_ANALYZER_NUMBER_OBJECT_CONVERSION = YES_AGGRESSIVE;
				CLANG_CXX_LANGUAGE_STANDARD = "gnu++0x";
				CLANG_CXX_LIBRARY = "libc++";
				CLANG_ENABLE_MODULES = YES;
				CLANG_ENABLE_OBJC_ARC = YES;
				CLANG_WARN_BOOL_CONVERSION = YES;
				CLANG_WARN_CONSTANT_CONVERSION = YES;
				CLANG_WARN_DIRECT_OBJC_ISA_USAGE = YES_ERROR;
				CLANG_WARN_DOCUMENTATION_COMMENTS = YES;
				CLANG_WARN_EMPTY_BODY = YES;
				CLANG_WARN_ENUM_CONVERSION = YES;
				CLANG_WARN_INFINITE_RECURSION = YES;
				CLANG_WARN_INT_CONVERSION = YES;
				CLANG_WARN_OBJC_ROOT_CLASS = YES_ERROR;
				CLANG_WARN_SUSPICIOUS_MOVE = YES;
				CLANG_WARN_UNREACHABLE_CODE = YES;
				CLANG_WARN__DUPLICATE_METHOD_MATCH = YES;
				"CODE_SIGN_IDENTITY[sdk=iphoneos*]" = "iPhone Developer";
				COPY_PHASE_STRIP = NO;
				DEBUG_INFORMATION_FORMAT = dwarf;
				ENABLE_STRICT_OBJC_MSGSEND = YES;
				ENABLE_TESTABILITY = YES;
				GCC_C_LANGUAGE_STANDARD = gnu99;
				GCC_DYNAMIC_NO_PIC = NO;
				GCC_NO_COMMON_BLOCKS = YES;
				GCC_OPTIMIZATION_LEVEL = 0;
				GCC_PREPROCESSOR_DEFINITIONS = (
					"DEBUG=1",
					"$(inherited)",
				);
				GCC_WARN_64_TO_32_BIT_CONVERSION = YES;
				GCC_WARN_ABOUT_RETURN_TYPE = YES_ERROR;
				GCC_WARN_UNDECLARED_SELECTOR = YES;
				GCC_WARN_UNINITIALIZED_AUTOS = YES_AGGRESSIVE;
				GCC_WARN_UNUSED_FUNCTION = YES;
				GCC_WARN_UNUSED_VARIABLE = YES;
				IPHONEOS_DEPLOYMENT_TARGET = 10.3;
				MTL_ENABLE_DEBUG_INFO = YES;
				ONLY_ACTIVE_ARCH = YES;
				SDKROOT = iphoneos;
				SWIFT_ACTIVE_COMPILATION_CONDITIONS = DEBUG;
				SWIFT_OPTIMIZATION_LEVEL = "-Onone";
			};
			name = Debug;
		};
		975479E61EBC9AFF000F41CE /* Release */ = {
			isa = XCBuildConfiguration;
			buildSettings = {
				ALWAYS_SEARCH_USER_PATHS = NO;
				CLANG_ANALYZER_NONNULL = YES;
				CLANG_ANALYZER_NUMBER_OBJECT_CONVERSION = YES_AGGRESSIVE;
				CLANG_CXX_LANGUAGE_STANDARD = "gnu++0x";
				CLANG_CXX_LIBRARY = "libc++";
				CLANG_ENABLE_MODULES = YES;
				CLANG_ENABLE_OBJC_ARC = YES;
				CLANG_WARN_BOOL_CONVERSION = YES;
				CLANG_WARN_CONSTANT_CONVERSION = YES;
				CLANG_WARN_DIRECT_OBJC_ISA_USAGE = YES_ERROR;
				CLANG_WARN_DOCUMENTATION_COMMENTS = YES;
				CLANG_WARN_EMPTY_BODY = YES;
				CLANG_WARN_ENUM_CONVERSION = YES;
				CLANG_WARN_INFINITE_RECURSION = YES;
				CLANG_WARN_INT_CONVERSION = YES;
				CLANG_WARN_OBJC_ROOT_CLASS = YES_ERROR;
				CLANG_WARN_SUSPICIOUS_MOVE = YES;
				CLANG_WARN_UNREACHABLE_CODE = YES;
				CLANG_WARN__DUPLICATE_METHOD_MATCH = YES;
				"CODE_SIGN_IDENTITY[sdk=iphoneos*]" = "iPhone Developer";
				COPY_PHASE_STRIP = NO;
				DEBUG_INFORMATION_FORMAT = "dwarf-with-dsym";
				ENABLE_NS_ASSERTIONS = NO;
				ENABLE_STRICT_OBJC_MSGSEND = YES;
				GCC_C_LANGUAGE_STANDARD = gnu99;
				GCC_NO_COMMON_BLOCKS = YES;
				GCC_WARN_64_TO_32_BIT_CONVERSION = YES;
				GCC_WARN_ABOUT_RETURN_TYPE = YES_ERROR;
				GCC_WARN_UNDECLARED_SELECTOR = YES;
				GCC_WARN_UNINITIALIZED_AUTOS = YES_AGGRESSIVE;
				GCC_WARN_UNUSED_FUNCTION = YES;
				GCC_WARN_UNUSED_VARIABLE = YES;
				IPHONEOS_DEPLOYMENT_TARGET = 10.3;
				MTL_ENABLE_DEBUG_INFO = NO;
				SDKROOT = iphoneos;
				SWIFT_OPTIMIZATION_LEVEL = "-Owholemodule";
				VALIDATE_PRODUCT = YES;
			};
			name = Release;
		};
		975479E81EBC9AFF000F41CE /* Debug */ = {
			isa = XCBuildConfiguration;
			buildSettings = {
				ASSETCATALOG_COMPILER_APPICON_NAME = AppIcon;
				DEVELOPMENT_TEAM = 27V4B7692Z;
				INFOPLIST_FILE = game_Gecko_Lab/Info.plist;
				LD_RUNPATH_SEARCH_PATHS = "$(inherited) @executable_path/Frameworks";
				PRODUCT_BUNDLE_IDENTIFIER = "Krystian.game-Gecko-Lab";
				PRODUCT_NAME = "$(TARGET_NAME)";
				SWIFT_VERSION = 3.0;
			};
			name = Debug;
		};
		975479E91EBC9AFF000F41CE /* Release */ = {
			isa = XCBuildConfiguration;
			buildSettings = {
				ASSETCATALOG_COMPILER_APPICON_NAME = AppIcon;
				DEVELOPMENT_TEAM = 27V4B7692Z;
				INFOPLIST_FILE = game_Gecko_Lab/Info.plist;
				LD_RUNPATH_SEARCH_PATHS = "$(inherited) @executable_path/Frameworks";
				PRODUCT_BUNDLE_IDENTIFIER = "Krystian.game-Gecko-Lab";
				PRODUCT_NAME = "$(TARGET_NAME)";
				SWIFT_VERSION = 3.0;
			};
			name = Release;
		};
		975479EB1EBC9AFF000F41CE /* Debug */ = {
			isa = XCBuildConfiguration;
			buildSettings = {
				ALWAYS_EMBED_SWIFT_STANDARD_LIBRARIES = YES;
				BUNDLE_LOADER = "$(TEST_HOST)";
				DEVELOPMENT_TEAM = 27V4B7692Z;
				INFOPLIST_FILE = game_Gecko_LabTests/Info.plist;
				LD_RUNPATH_SEARCH_PATHS = "$(inherited) @executable_path/Frameworks @loader_path/Frameworks";
				PRODUCT_BUNDLE_IDENTIFIER = "Krystian.game-Gecko-LabTests";
				PRODUCT_NAME = "$(TARGET_NAME)";
				SWIFT_VERSION = 3.0;
				TEST_HOST = "$(BUILT_PRODUCTS_DIR)/game_Gecko_Lab.app/game_Gecko_Lab";
			};
			name = Debug;
		};
		975479EC1EBC9AFF000F41CE /* Release */ = {
			isa = XCBuildConfiguration;
			buildSettings = {
				ALWAYS_EMBED_SWIFT_STANDARD_LIBRARIES = YES;
				BUNDLE_LOADER = "$(TEST_HOST)";
				DEVELOPMENT_TEAM = 27V4B7692Z;
				INFOPLIST_FILE = game_Gecko_LabTests/Info.plist;
				LD_RUNPATH_SEARCH_PATHS = "$(inherited) @executable_path/Frameworks @loader_path/Frameworks";
				PRODUCT_BUNDLE_IDENTIFIER = "Krystian.game-Gecko-LabTests";
				PRODUCT_NAME = "$(TARGET_NAME)";
				SWIFT_VERSION = 3.0;
				TEST_HOST = "$(BUILT_PRODUCTS_DIR)/game_Gecko_Lab.app/game_Gecko_Lab";
			};
			name = Release;
		};
		975479EE1EBC9AFF000F41CE /* Debug */ = {
			isa = XCBuildConfiguration;
			buildSettings = {
				ALWAYS_EMBED_SWIFT_STANDARD_LIBRARIES = YES;
				DEVELOPMENT_TEAM = 27V4B7692Z;
				INFOPLIST_FILE = game_Gecko_LabUITests/Info.plist;
				LD_RUNPATH_SEARCH_PATHS = "$(inherited) @executable_path/Frameworks @loader_path/Frameworks";
				PRODUCT_BUNDLE_IDENTIFIER = "Krystian.game-Gecko-LabUITests";
				PRODUCT_NAME = "$(TARGET_NAME)";
				SWIFT_VERSION = 3.0;
				TEST_TARGET_NAME = game_Gecko_Lab;
			};
			name = Debug;
		};
		975479EF1EBC9AFF000F41CE /* Release */ = {
			isa = XCBuildConfiguration;
			buildSettings = {
				ALWAYS_EMBED_SWIFT_STANDARD_LIBRARIES = YES;
				DEVELOPMENT_TEAM = 27V4B7692Z;
				INFOPLIST_FILE = game_Gecko_LabUITests/Info.plist;
				LD_RUNPATH_SEARCH_PATHS = "$(inherited) @executable_path/Frameworks @loader_path/Frameworks";
				PRODUCT_BUNDLE_IDENTIFIER = "Krystian.game-Gecko-LabUITests";
				PRODUCT_NAME = "$(TARGET_NAME)";
				SWIFT_VERSION = 3.0;
				TEST_TARGET_NAME = game_Gecko_Lab;
			};
			name = Release;
		};
/* End XCBuildConfiguration section */

/* Begin XCConfigurationList section */
		975479B41EBC9AFF000F41CE /* Build configuration list for PBXProject "game_Gecko_Lab" */ = {
			isa = XCConfigurationList;
			buildConfigurations = (
				975479E51EBC9AFF000F41CE /* Debug */,
				975479E61EBC9AFF000F41CE /* Release */,
			);
			defaultConfigurationIsVisible = 0;
			defaultConfigurationName = Release;
		};
		975479E71EBC9AFF000F41CE /* Build configuration list for PBXNativeTarget "game_Gecko_Lab" */ = {
			isa = XCConfigurationList;
			buildConfigurations = (
				975479E81EBC9AFF000F41CE /* Debug */,
				975479E91EBC9AFF000F41CE /* Release */,
			);
			defaultConfigurationIsVisible = 0;
			defaultConfigurationName = Release;
		};
		975479EA1EBC9AFF000F41CE /* Build configuration list for PBXNativeTarget "game_Gecko_LabTests" */ = {
			isa = XCConfigurationList;
			buildConfigurations = (
				975479EB1EBC9AFF000F41CE /* Debug */,
				975479EC1EBC9AFF000F41CE /* Release */,
			);
			defaultConfigurationIsVisible = 0;
			defaultConfigurationName = Release;
		};
		975479ED1EBC9AFF000F41CE /* Build configuration list for PBXNativeTarget "game_Gecko_LabUITests" */ = {
			isa = XCConfigurationList;
			buildConfigurations = (
				975479EE1EBC9AFF000F41CE /* Debug */,
				975479EF1EBC9AFF000F41CE /* Release */,
			);
			defaultConfigurationIsVisible = 0;
			defaultConfigurationName = Release;
		};
/* End XCConfigurationList section */
	};
	rootObject = 975479B11EBC9AFF000F41CE /* Project object */;
}
